<?xml version="1.0" encoding="utf-8"?>
<Project ToolsVersion="4.0" xmlns="http://schemas.microsoft.com/developer/msbuild/2003">
  <ItemGroup>
    <Filter Include="Engine">
      <UniqueIdentifier>{de934220-aa3a-4c61-bf3c-b5af471e8db4}</UniqueIdentifier>
    </Filter>
    <Filter Include="Engine\Core">
      <UniqueIdentifier>{b58576f9-0117-4e89-b462-34d35a8c9cc5}</UniqueIdentifier>
    </Filter>
    <Filter Include="Engine\Input">
      <UniqueIdentifier>{69adadf5-5484-4b29-b681-ac65d64a233d}</UniqueIdentifier>
    </Filter>
    <Filter Include="Engine\Graphics">
      <UniqueIdentifier>{af3b9950-500f-4fad-8050-e72fb60c8e16}</UniqueIdentifier>
    </Filter>
    <Filter Include="Engine\Graphics\Interpolators">
      <UniqueIdentifier>{601c1456-e621-40a1-b270-7c0afea9dd7f}</UniqueIdentifier>
    </Filter>
    <Filter Include="Engine\Core\Config">
      <UniqueIdentifier>{cb8b392b-5286-48f1-9438-e36fdf6ec041}</UniqueIdentifier>
    </Filter>
    <Filter Include="Engine\World">
      <UniqueIdentifier>{c99d54a6-d6e7-406a-a1bc-341ce5d43989}</UniqueIdentifier>
    </Filter>
    <Filter Include="Engine\Graphics\Types">
      <UniqueIdentifier>{a96df322-4887-4400-8ff1-e7f80981bafb}</UniqueIdentifier>
    </Filter>
    <Filter Include="Engine\Graphics\Scene">
      <UniqueIdentifier>{fba79876-d15e-4cfa-97d0-4498a3bc3589}</UniqueIdentifier>
    </Filter>
    <Filter Include="Engine\Graphics\Rendering">
      <UniqueIdentifier>{d174c067-2237-46a4-a64e-f1f90baea050}</UniqueIdentifier>
    </Filter>
  </ItemGroup>
  <ItemGroup>
    <ClInclude Include="..\..\Source\Engine\Core\DebugLog.h">
      <Filter>Engine\Core</Filter>
    </ClInclude>
    <ClInclude Include="..\..\Source\Engine\Core\Time.h">
      <Filter>Engine\Core</Filter>
    </ClInclude>
    <ClInclude Include="..\..\Source\Engine\Core\Engine.h">
      <Filter>Engine\Core</Filter>
    </ClInclude>
    <ClInclude Include="..\..\Source\Engine\Core\Window.h">
      <Filter>Engine\Core</Filter>
    </ClInclude>
    <ClInclude Include="..\..\Source\Engine\Input\Input.h">
      <Filter>Engine\Input</Filter>
    </ClInclude>
    <ClInclude Include="..\..\Source\Engine\Graphics\Interpolators\AlphaInterpolator.h">
      <Filter>Engine\Graphics\Interpolators</Filter>
    </ClInclude>
    <ClInclude Include="..\..\Source\Engine\Graphics\Interpolators\BillinearPerspectiveTextureInterpolator.h">
      <Filter>Engine\Graphics\Interpolators</Filter>
    </ClInclude>
    <ClInclude Include="..\..\Source\Engine\Graphics\Interpolators\FlatInterpolator.h">
      <Filter>Engine\Graphics\Interpolators</Filter>
    </ClInclude>
    <ClInclude Include="..\..\Source\Engine\Graphics\Interpolators\GouraudInterpolator.h">
      <Filter>Engine\Graphics\Interpolators</Filter>
    </ClInclude>
    <ClInclude Include="..\..\Source\Engine\Graphics\Interpolators\IInterpolator.h">
      <Filter>Engine\Graphics\Interpolators</Filter>
    </ClInclude>
    <ClInclude Include="..\..\Source\Engine\Graphics\Interpolators\LinearPiecewiseTextureInterpolator.h">
      <Filter>Engine\Graphics\Interpolators</Filter>
    </ClInclude>
    <ClInclude Include="..\..\Source\Engine\Graphics\Interpolators\PerspectiveCorrectTextureInterpolator.h">
      <Filter>Engine\Graphics\Interpolators</Filter>
    </ClInclude>
    <ClInclude Include="..\..\Source\Engine\Graphics\Interpolators\AffineTextureInterpolator.h">
      <Filter>Engine\Graphics\Interpolators</Filter>
    </ClInclude>
    <ClInclude Include="..\..\Source\Engine\Core\Config\Config.h">
      <Filter>Engine\Core\Config</Filter>
    </ClInclude>
    <ClInclude Include="..\..\Source\Engine\Core\Config\RenderSpecification.h">
      <Filter>Engine\Core\Config</Filter>
    </ClInclude>
    <ClInclude Include="..\..\Source\Engine\Core\Config\WindowSpecification.h">
      <Filter>Engine\Core\Config</Filter>
    </ClInclude>
    <ClInclude Include="..\..\Source\Engine\World\Entity.h">
      <Filter>Engine\World</Filter>
    </ClInclude>
    <ClInclude Include="..\..\Source\Engine\World\GameState.h">
      <Filter>Engine\World</Filter>
    </ClInclude>
    <ClInclude Include="..\..\Source\Engine\World\Terrain.h">
      <Filter>Engine\World</Filter>
    </ClInclude>
    <ClInclude Include="..\..\Source\Engine\World\World.h">
      <Filter>Engine\World</Filter>
    </ClInclude>
    <ClInclude Include="..\..\Source\Engine\Graphics\Types\Color.h">
      <Filter>Engine\Graphics\Types</Filter>
    </ClInclude>
    <ClInclude Include="..\..\Source\Engine\Graphics\Types\Polygon.h">
      <Filter>Engine\Graphics\Types</Filter>
    </ClInclude>
    <ClInclude Include="..\..\Source\Engine\Graphics\Types\Vertex.h">
      <Filter>Engine\Graphics\Types</Filter>
    </ClInclude>
    <ClInclude Include="..\..\Source\Engine\Graphics\Rendering\InterpolationContext.h">
      <Filter>Engine\Graphics\Rendering</Filter>
    </ClInclude>
    <ClInclude Include="..\..\Source\Engine\Graphics\Rendering\Renderer.h">
      <Filter>Engine\Graphics\Rendering</Filter>
    </ClInclude>
    <ClInclude Include="..\..\Source\Engine\Graphics\Rendering\RenderList.h">
      <Filter>Engine\Graphics\Rendering</Filter>
    </ClInclude>
    <ClInclude Include="..\..\Source\Engine\Graphics\Rendering\Surface.h">
      <Filter>Engine\Graphics\Rendering</Filter>
    </ClInclude>
    <ClInclude Include="..\..\Source\Engine\Graphics\Rendering\Texture.h">
      <Filter>Engine\Graphics\Rendering</Filter>
    </ClInclude>
    <ClInclude Include="..\..\Source\Engine\Graphics\Rendering\ZBuffer.h">
      <Filter>Engine\Graphics\Rendering</Filter>
    </ClInclude>
    <ClInclude Include="..\..\Source\Engine\Graphics\Scene\Camera.h">
      <Filter>Engine\Graphics\Scene</Filter>
    </ClInclude>
    <ClInclude Include="..\..\Source\Engine\Graphics\Scene\Light.h">
      <Filter>Engine\Graphics\Scene</Filter>
    </ClInclude>
    <ClInclude Include="..\..\Source\Engine\Graphics\Scene\Mesh.h">
      <Filter>Engine\Graphics\Scene</Filter>
    </ClInclude>
    <ClInclude Include="..\..\Source\Engine\Graphics\Scene\TransformType.h">
      <Filter>Engine\Graphics\Scene</Filter>
    </ClInclude>
    <ClInclude Include="..\..\Source\Engine\Core\Config\Arguments.h">
      <Filter>Engine\Core\Config</Filter>
    </ClInclude>
    <ClInclude Include="..\..\Source\Engine\Graphics\Scene\Material.h">
      <Filter>Engine\Graphics\Scene</Filter>
    </ClInclude>
  </ItemGroup>
  <ItemGroup>
    <ClCompile Include="..\..\Source\Engine\Core\DebugLog.cpp">
      <Filter>Engine\Core</Filter>
    </ClCompile>
    <ClCompile Include="..\..\Source\Engine\Core\Time.cpp">
      <Filter>Engine\Core</Filter>
    </ClCompile>
    <ClCompile Include="..\..\Source\Engine\Core\Engine.cpp">
      <Filter>Engine\Core</Filter>
    </ClCompile>
    <ClCompile Include="..\..\Source\Engine\Core\Window.cpp">
      <Filter>Engine\Core</Filter>
    </ClCompile>
    <ClCompile Include="..\..\Source\Engine\Graphics\Interpolators\AffineTextureInterpolator.cpp">
      <Filter>Engine\Graphics\Interpolators</Filter>
    </ClCompile>
    <ClCompile Include="..\..\Source\Engine\Graphics\Interpolators\AlphaInterpolator.cpp">
      <Filter>Engine\Graphics\Interpolators</Filter>
    </ClCompile>
    <ClCompile Include="..\..\Source\Engine\Graphics\Interpolators\BillinearPerspectiveTextureInterpolator.cpp">
      <Filter>Engine\Graphics\Interpolators</Filter>
    </ClCompile>
    <ClCompile Include="..\..\Source\Engine\Graphics\Interpolators\FlatInterpolator.cpp">
      <Filter>Engine\Graphics\Interpolators</Filter>
    </ClCompile>
    <ClCompile Include="..\..\Source\Engine\Graphics\Interpolators\GouraudInterpolator.cpp">
      <Filter>Engine\Graphics\Interpolators</Filter>
    </ClCompile>
    <ClCompile Include="..\..\Source\Engine\Graphics\Interpolators\LinearPiecewiseTextureInterpolator.cpp">
      <Filter>Engine\Graphics\Interpolators</Filter>
    </ClCompile>
    <ClCompile Include="..\..\Source\Engine\Graphics\Interpolators\PerspectiveCorrectTextureInterpolator.cpp">
      <Filter>Engine\Graphics\Interpolators</Filter>
    </ClCompile>
    <ClCompile Include="..\..\Source\Engine\Core\Config\Config.cpp">
      <Filter>Engine\Core\Config</Filter>
    </ClCompile>
    <ClCompile Include="..\..\Source\Engine\World\Entity.cpp">
      <Filter>Engine\World</Filter>
    </ClCompile>
    <ClCompile Include="..\..\Source\Engine\World\Terrain.cpp">
      <Filter>Engine\World</Filter>
    </ClCompile>
    <ClCompile Include="..\..\Source\Engine\World\World.cpp">
      <Filter>Engine\World</Filter>
    </ClCompile>
    <ClCompile Include="..\..\Source\Engine\Graphics\Rendering\Renderer.cpp">
      <Filter>Engine\Graphics\Rendering</Filter>
    </ClCompile>
    <ClCompile Include="..\..\Source\Engine\Graphics\Rendering\RenderList.cpp">
      <Filter>Engine\Graphics\Rendering</Filter>
    </ClCompile>
    <ClCompile Include="..\..\Source\Engine\Graphics\Rendering\Surface.cpp">
      <Filter>Engine\Graphics\Rendering</Filter>
    </ClCompile>
    <ClCompile Include="..\..\Source\Engine\Graphics\Rendering\Texture.cpp">
      <Filter>Engine\Graphics\Rendering</Filter>
    </ClCompile>
    <ClCompile Include="..\..\Source\Engine\Graphics\Scene\Camera.cpp">
      <Filter>Engine\Graphics\Scene</Filter>
    </ClCompile>
    <ClCompile Include="..\..\Source\Engine\Graphics\Scene\Mesh.cpp">
      <Filter>Engine\Graphics\Scene</Filter>
    </ClCompile>
    <ClCompile Include="..\..\Source\Engine\Graphics\Interpolators\IInterpolator.cpp">
      <Filter>Engine\Graphics\Interpolators</Filter>
    </ClCompile>
    <ClCompile Include="..\..\Source\Engine\Graphics\Scene\Light.cpp">
      <Filter>Engine\Graphics\Scene</Filter>
    </ClCompile>
    <ClCompile Include="..\..\Source\Engine\Graphics\Scene\Material.cpp">
      <Filter>Engine\Graphics\Scene</Filter>
    </ClCompile>
  </ItemGroup>
</Project>