<?xml version="1.0" encoding="utf-8"?>
<Project ToolsVersion="4.0" xmlns="http://schemas.microsoft.com/developer/msbuild/2003">
  <ItemGroup>
    <Filter Include="Engine">
      <UniqueIdentifier>{de934220-aa3a-4c61-bf3c-b5af471e8db4}</UniqueIdentifier>
    </Filter>
    <Filter Include="Engine\Core">
      <UniqueIdentifier>{b58576f9-0117-4e89-b462-34d35a8c9cc5}</UniqueIdentifier>
    </Filter>
    <Filter Include="Engine\Core\Containers">
      <UniqueIdentifier>{760dd73b-2715-443f-865b-e7722505ff39}</UniqueIdentifier>
    </Filter>
    <Filter Include="Engine\Core\Thread">
      <UniqueIdentifier>{a967c48a-8b46-4a48-b699-6d523ce1b71d}</UniqueIdentifier>
    </Filter>
    <Filter Include="Engine\GameFramework">
      <UniqueIdentifier>{c99d54a6-d6e7-406a-a1bc-341ce5d43989}</UniqueIdentifier>
    </Filter>
    <Filter Include="Engine\Input">
      <UniqueIdentifier>{69adadf5-5484-4b29-b681-ac65d64a233d}</UniqueIdentifier>
    </Filter>
    <Filter Include="Engine\Graphics">
      <UniqueIdentifier>{af3b9950-500f-4fad-8050-e72fb60c8e16}</UniqueIdentifier>
    </Filter>
    <Filter Include="Engine\Graphics\Interpolators">
      <UniqueIdentifier>{601c1456-e621-40a1-b270-7c0afea9dd7f}</UniqueIdentifier>
    </Filter>
    <Filter Include="Engine\Math">
      <UniqueIdentifier>{4f349201-4916-4d0c-9bc6-6ca54ce8e312}</UniqueIdentifier>
    </Filter>
  </ItemGroup>
  <ItemGroup>
    <ClInclude Include="..\..\Source\Engine\Core\Assert.h">
      <Filter>Engine\Core</Filter>
    </ClInclude>
    <ClInclude Include="..\..\Source\Engine\Core\DebugLog.h">
      <Filter>Engine\Core</Filter>
    </ClInclude>
    <ClInclude Include="..\..\Source\Engine\Core\Memory.h">
      <Filter>Engine\Core</Filter>
    </ClInclude>
    <ClInclude Include="..\..\Source\Engine\Core\Platform.h">
      <Filter>Engine\Core</Filter>
    </ClInclude>
    <ClInclude Include="..\..\Source\Engine\Core\Time.h">
      <Filter>Engine\Core</Filter>
    </ClInclude>
    <ClInclude Include="..\..\Source\Engine\Core\Types.h">
      <Filter>Engine\Core</Filter>
    </ClInclude>
    <ClInclude Include="..\..\Source\Engine\Core\Engine.h">
      <Filter>Engine\Core</Filter>
    </ClInclude>
    <ClInclude Include="..\..\Source\Engine\Core\Window.h">
      <Filter>Engine\Core</Filter>
    </ClInclude>
    <ClInclude Include="..\..\Source\Engine\Core\WindowSpecification.h">
      <Filter>Engine\Core</Filter>
    </ClInclude>
    <ClInclude Include="..\..\Source\Engine\Core\Containers\Array.h">
      <Filter>Engine\Core\Containers</Filter>
    </ClInclude>
    <ClInclude Include="..\..\Source\Engine\Core\Containers\String.h">
      <Filter>Engine\Core\Containers</Filter>
    </ClInclude>
    <ClInclude Include="..\..\Source\Engine\Core\Thread\SpinLock.h">
      <Filter>Engine\Core\Thread</Filter>
    </ClInclude>
    <ClInclude Include="..\..\Source\Engine\Input\Input.h">
      <Filter>Engine\Input</Filter>
    </ClInclude>
    <ClInclude Include="..\..\Source\Engine\Math\Fixed16.h">
      <Filter>Engine\Math</Filter>
    </ClInclude>
    <ClInclude Include="..\..\Source\Engine\Math\Fixed22.h">
      <Filter>Engine\Math</Filter>
    </ClInclude>
    <ClInclude Include="..\..\Source\Engine\Math\Fixed28.h">
      <Filter>Engine\Math</Filter>
    </ClInclude>
    <ClInclude Include="..\..\Source\Engine\Math\Math.h">
      <Filter>Engine\Math</Filter>
    </ClInclude>
    <ClInclude Include="..\..\Source\Engine\Math\Matrix.h">
      <Filter>Engine\Math</Filter>
    </ClInclude>
    <ClInclude Include="..\..\Source\Engine\Math\Minimal.h">
      <Filter>Engine\Math</Filter>
    </ClInclude>
    <ClInclude Include="..\..\Source\Engine\Math\Rect.h">
      <Filter>Engine\Math</Filter>
    </ClInclude>
    <ClInclude Include="..\..\Source\Engine\Math\Vector.h">
      <Filter>Engine\Math</Filter>
    </ClInclude>
    <ClInclude Include="..\..\Source\Engine\Graphics\Camera.h">
      <Filter>Engine\Graphics</Filter>
    </ClInclude>
    <ClInclude Include="..\..\Source\Engine\Graphics\Color.h">
      <Filter>Engine\Graphics</Filter>
    </ClInclude>
    <ClInclude Include="..\..\Source\Engine\Graphics\Light.h">
      <Filter>Engine\Graphics</Filter>
    </ClInclude>
    <ClInclude Include="..\..\Source\Engine\Graphics\Material.h">
      <Filter>Engine\Graphics</Filter>
    </ClInclude>
    <ClInclude Include="..\..\Source\Engine\Graphics\Mesh.h">
      <Filter>Engine\Graphics</Filter>
    </ClInclude>
    <ClInclude Include="..\..\Source\Engine\Graphics\Polygon.h">
      <Filter>Engine\Graphics</Filter>
    </ClInclude>
    <ClInclude Include="..\..\Source\Engine\Graphics\RenderContext.h">
      <Filter>Engine\Graphics</Filter>
    </ClInclude>
    <ClInclude Include="..\..\Source\Engine\Graphics\Renderer.h">
      <Filter>Engine\Graphics</Filter>
    </ClInclude>
    <ClInclude Include="..\..\Source\Engine\Graphics\RenderList.h">
      <Filter>Engine\Graphics</Filter>
    </ClInclude>
    <ClInclude Include="..\..\Source\Engine\Graphics\RenderSpecification.h">
      <Filter>Engine\Graphics</Filter>
    </ClInclude>
    <ClInclude Include="..\..\Source\Engine\Graphics\Surface.h">
      <Filter>Engine\Graphics</Filter>
    </ClInclude>
    <ClInclude Include="..\..\Source\Engine\Graphics\TransformType.h">
      <Filter>Engine\Graphics</Filter>
    </ClInclude>
    <ClInclude Include="..\..\Source\Engine\Graphics\Vertex.h">
      <Filter>Engine\Graphics</Filter>
    </ClInclude>
    <ClInclude Include="..\..\Source\Engine\Graphics\ZBuffer.h">
      <Filter>Engine\Graphics</Filter>
    </ClInclude>
    <ClInclude Include="..\..\Source\Engine\Graphics\Interpolators\AlphaInterpolator.h">
      <Filter>Engine\Graphics\Interpolators</Filter>
    </ClInclude>
    <ClInclude Include="..\..\Source\Engine\Graphics\Interpolators\BillinearPerspectiveTextureInterpolator.h">
      <Filter>Engine\Graphics\Interpolators</Filter>
    </ClInclude>
    <ClInclude Include="..\..\Source\Engine\Graphics\Interpolators\FlatInterpolator.h">
      <Filter>Engine\Graphics\Interpolators</Filter>
    </ClInclude>
    <ClInclude Include="..\..\Source\Engine\Graphics\Interpolators\GouraudInterpolator.h">
      <Filter>Engine\Graphics\Interpolators</Filter>
    </ClInclude>
    <ClInclude Include="..\..\Source\Engine\Graphics\Interpolators\IInterpolator.h">
      <Filter>Engine\Graphics\Interpolators</Filter>
    </ClInclude>
    <ClInclude Include="..\..\Source\Engine\Graphics\Interpolators\LinearPiecewiseTextureInterpolator.h">
      <Filter>Engine\Graphics\Interpolators</Filter>
    </ClInclude>
    <ClInclude Include="..\..\Source\Engine\Graphics\Interpolators\PerspectiveCorrectTextureInterpolator.h">
      <Filter>Engine\Graphics\Interpolators</Filter>
    </ClInclude>
    <ClInclude Include="..\..\Source\Engine\Graphics\Interpolators\AffineTextureInterpolator.h">
      <Filter>Engine\Graphics\Interpolators</Filter>
    </ClInclude>
    <ClInclude Include="..\..\Source\Engine\Core\World.h">
      <Filter>Engine\Core</Filter>
    </ClInclude>
    <ClInclude Include="..\..\Source\Engine\GameFramework\GameState.h">
      <Filter>Engine\GameFramework</Filter>
    </ClInclude>
    <ClInclude Include="..\..\Source\Engine\GameFramework\Entity.h">
      <Filter>Engine\GameFramework</Filter>
    </ClInclude>
    <ClInclude Include="..\..\Source\Engine\Graphics\InterpolationContext.h">
      <Filter>Engine\Graphics</Filter>
    </ClInclude>
    <ClInclude Include="..\..\Source\Engine\Graphics\Texture.h">
      <Filter>Engine\Graphics</Filter>
    </ClInclude>
  </ItemGroup>
  <ItemGroup>
    <ClCompile Include="..\..\Source\Engine\Core\DebugLog.cpp">
      <Filter>Engine\Core</Filter>
    </ClCompile>
    <ClCompile Include="..\..\Source\Engine\Core\Memory.cpp">
      <Filter>Engine\Core</Filter>
    </ClCompile>
    <ClCompile Include="..\..\Source\Engine\Core\Time.cpp">
      <Filter>Engine\Core</Filter>
    </ClCompile>
    <ClCompile Include="..\..\Source\Engine\Core\Engine.cpp">
      <Filter>Engine\Core</Filter>
    </ClCompile>
    <ClCompile Include="..\..\Source\Engine\Core\Window.cpp">
      <Filter>Engine\Core</Filter>
    </ClCompile>
    <ClCompile Include="..\..\Source\Engine\Input\Input.cpp">
      <Filter>Engine\Input</Filter>
    </ClCompile>
    <ClCompile Include="..\..\Source\Engine\Math\Math.cpp">
      <Filter>Engine\Math</Filter>
    </ClCompile>
    <ClCompile Include="..\..\Source\Engine\Math\Matrix.cpp">
      <Filter>Engine\Math</Filter>
    </ClCompile>
    <ClCompile Include="..\..\Source\Engine\Math\Vector.cpp">
      <Filter>Engine\Math</Filter>
    </ClCompile>
    <ClCompile Include="..\..\Source\Engine\Graphics\Camera.cpp">
      <Filter>Engine\Graphics</Filter>
    </ClCompile>
    <ClCompile Include="..\..\Source\Engine\Graphics\Mesh.cpp">
      <Filter>Engine\Graphics</Filter>
    </ClCompile>
    <ClCompile Include="..\..\Source\Engine\Graphics\Polygon.cpp">
      <Filter>Engine\Graphics</Filter>
    </ClCompile>
    <ClCompile Include="..\..\Source\Engine\Graphics\RenderContext.cpp">
      <Filter>Engine\Graphics</Filter>
    </ClCompile>
    <ClCompile Include="..\..\Source\Engine\Graphics\Renderer.cpp">
      <Filter>Engine\Graphics</Filter>
    </ClCompile>
    <ClCompile Include="..\..\Source\Engine\Graphics\RenderList.cpp">
      <Filter>Engine\Graphics</Filter>
    </ClCompile>
    <ClCompile Include="..\..\Source\Engine\Graphics\Surface.cpp">
      <Filter>Engine\Graphics</Filter>
    </ClCompile>
    <ClCompile Include="..\..\Source\Engine\Graphics\Vertex.cpp">
      <Filter>Engine\Graphics</Filter>
    </ClCompile>
    <ClCompile Include="..\..\Source\Engine\Graphics\Interpolators\IInterpolator.cpp">
      <Filter>Engine\Graphics\Interpolators</Filter>
    </ClCompile>
    <ClCompile Include="..\..\Source\Engine\Core\World.cpp">
      <Filter>Engine\Core</Filter>
    </ClCompile>
    <ClCompile Include="..\..\Source\Engine\GameFramework\GameState.cpp">
      <Filter>Engine\GameFramework</Filter>
    </ClCompile>
    <ClCompile Include="..\..\Source\Engine\GameFramework\Entity.cpp">
      <Filter>Engine\GameFramework</Filter>
    </ClCompile>
    <ClCompile Include="..\..\Source\Engine\Graphics\InterpolationContext.cpp">
      <Filter>Engine\Graphics</Filter>
    </ClCompile>
    <ClCompile Include="..\..\Source\Engine\Graphics\Texture.cpp">
      <Filter>Engine\Graphics</Filter>
    </ClCompile>
  </ItemGroup>
</Project>