<?xml version="1.0" encoding="utf-8"?>
<Project ToolsVersion="4.0" xmlns="http://schemas.microsoft.com/developer/msbuild/2003">
  <ItemGroup>
    <Filter Include="Source">
      <UniqueIdentifier>{de934220-aa3a-4c61-bf3c-b5af471e8db4}</UniqueIdentifier>
    </Filter>
    <Filter Include="Source\Platform">
      <UniqueIdentifier>{7543ad6e-6019-4d4a-840a-efab630b5756}</UniqueIdentifier>
    </Filter>
    <Filter Include="Source\Input">
      <UniqueIdentifier>{376f82d7-5364-4f63-837f-7f506d72fefc}</UniqueIdentifier>
    </Filter>
    <Filter Include="Source\Graphics">
      <UniqueIdentifier>{1a11e41f-8ccd-4a37-a77d-94d3af30e7b7}</UniqueIdentifier>
    </Filter>
    <Filter Include="Source\Core">
      <UniqueIdentifier>{dd89f4ab-016b-490d-88e0-5ecd48ee2865}</UniqueIdentifier>
    </Filter>
    <Filter Include="Source\Game">
      <UniqueIdentifier>{f8ea90f7-f36b-4e3c-a634-5a71e0f0441c}</UniqueIdentifier>
    </Filter>
    <Filter Include="Source\Thread">
      <UniqueIdentifier>{0ef1c9d1-4a86-4f04-baad-dbad24424b79}</UniqueIdentifier>
    </Filter>
  </ItemGroup>
  <ItemGroup>
    <ClInclude Include="..\..\Source\Platform\Win.h">
      <Filter>Source\Platform</Filter>
    </ClInclude>
    <ClInclude Include="..\..\Source\Input\Input.h">
      <Filter>Source\Input</Filter>
    </ClInclude>
    <ClInclude Include="..\..\Source\Input\KeyCode.h">
      <Filter>Source\Input</Filter>
    </ClInclude>
    <ClInclude Include="..\..\Source\Input\MouseButton.h">
      <Filter>Source\Input</Filter>
    </ClInclude>
    <ClInclude Include="..\..\Source\Graphics\Graphics.h">
      <Filter>Source\Graphics</Filter>
    </ClInclude>
    <ClInclude Include="..\..\Source\Graphics\PixelFormat.h">
      <Filter>Source\Graphics</Filter>
    </ClInclude>
    <ClInclude Include="..\..\Source\Graphics\Surface.h">
      <Filter>Source\Graphics</Filter>
    </ClInclude>
    <ClInclude Include="..\..\Source\Core\Assert.h">
      <Filter>Source\Core</Filter>
    </ClInclude>
    <ClInclude Include="..\..\Source\Core\Platform.h">
      <Filter>Source\Core</Filter>
    </ClInclude>
    <ClInclude Include="..\..\Source\Core\Types.h">
      <Filter>Source\Core</Filter>
    </ClInclude>
    <ClInclude Include="..\..\Source\Core\Volition.h">
      <Filter>Source\Core</Filter>
    </ClInclude>
    <ClInclude Include="..\..\Source\Core\Window.h">
      <Filter>Source\Core</Filter>
    </ClInclude>
    <ClInclude Include="..\..\Source\Game\Game.h">
      <Filter>Source\Game</Filter>
    </ClInclude>
    <ClInclude Include="..\..\Source\Thread\SpinLock.h">
      <Filter>Source\Thread</Filter>
    </ClInclude>
    <ClInclude Include="..\..\Source\Core\DebugLog.h">
      <Filter>Source\Core</Filter>
    </ClInclude>
  </ItemGroup>
  <ItemGroup>
    <ClCompile Include="..\..\Source\main.cpp">
      <Filter>Source</Filter>
    </ClCompile>
    <ClCompile Include="..\..\Source\Input\Input.cpp">
      <Filter>Source\Input</Filter>
    </ClCompile>
    <ClCompile Include="..\..\Source\Graphics\Graphics.cpp">
      <Filter>Source\Graphics</Filter>
    </ClCompile>
    <ClCompile Include="..\..\Source\Graphics\Surface.cpp">
      <Filter>Source\Graphics</Filter>
    </ClCompile>
    <ClCompile Include="..\..\Source\Core\Volition.cpp">
      <Filter>Source\Core</Filter>
    </ClCompile>
    <ClCompile Include="..\..\Source\Core\Window.cpp">
      <Filter>Source\Core</Filter>
    </ClCompile>
    <ClCompile Include="..\..\Source\Game\Game.cpp">
      <Filter>Source\Game</Filter>
    </ClCompile>
    <ClCompile Include="..\..\Source\Core\DebugLog.cpp">
      <Filter>Source\Core</Filter>
    </ClCompile>
  </ItemGroup>
</Project>